// !$*UTF8*$!
{
	archiveVersion = 1;
	classes = {
	};
	objectVersion = 46;
	objects = {

/* Begin PBXBuildFile section */
		AA145D8219BEEBD2005099E6 /* InboxTableViewController.swift in Sources */ = {isa = PBXBuildFile; fileRef = AA145D8119BEEBD2005099E6 /* InboxTableViewController.swift */; };
		AA73664F19BF135400B9652B /* Date.swift in Sources */ = {isa = PBXBuildFile; fileRef = AA73664E19BF135400B9652B /* Date.swift */; };
		AA73665119BF14F200B9652B /* TweebliTestData.swift in Sources */ = {isa = PBXBuildFile; fileRef = AA73665019BF14F200B9652B /* TweebliTestData.swift */; };
		AA73665319BF248000B9652B /* InboxTableCell.xib in Resources */ = {isa = PBXBuildFile; fileRef = AA73665219BF248000B9652B /* InboxTableCell.xib */; };
		AA73665519BF28C400B9652B /* InboxTableViewCell.swift in Sources */ = {isa = PBXBuildFile; fileRef = AA73665419BF28C400B9652B /* InboxTableViewCell.swift */; };
		AA9F702519BA152B007DE405 /* AppDelegate.swift in Sources */ = {isa = PBXBuildFile; fileRef = AA9F702419BA152B007DE405 /* AppDelegate.swift */; };
		AA9F702719BA152B007DE405 /* FirstViewController.swift in Sources */ = {isa = PBXBuildFile; fileRef = AA9F702619BA152B007DE405 /* FirstViewController.swift */; };
		AA9F702C19BA152B007DE405 /* Main.storyboard in Resources */ = {isa = PBXBuildFile; fileRef = AA9F702A19BA152B007DE405 /* Main.storyboard */; };
		AA9F702E19BA152B007DE405 /* Images.xcassets in Resources */ = {isa = PBXBuildFile; fileRef = AA9F702D19BA152B007DE405 /* Images.xcassets */; };
		AA9F703A19BA152B007DE405 /* TweebliTests.swift in Sources */ = {isa = PBXBuildFile; fileRef = AA9F703919BA152B007DE405 /* TweebliTests.swift */; };
		AA9F704419BA21F7007DE405 /* TweebliService.swift in Sources */ = {isa = PBXBuildFile; fileRef = AA9F704319BA21F7007DE405 /* TweebliService.swift */; };
		AAAB864A19C32A74008349D9 /* PostingsTableTableViewController.swift in Sources */ = {isa = PBXBuildFile; fileRef = AAAB864919C32A74008349D9 /* PostingsTableTableViewController.swift */; };
		AAAB864E19C3313C008349D9 /* OutboxTableCell.xib in Resources */ = {isa = PBXBuildFile; fileRef = AAAB864D19C3313C008349D9 /* OutboxTableCell.xib */; };
		AAAB865019C33297008349D9 /* OutboxTableViewCell.swift in Sources */ = {isa = PBXBuildFile; fileRef = AAAB864F19C33297008349D9 /* OutboxTableViewCell.swift */; };
		AAAB865219C33680008349D9 /* PostingViewController.swift in Sources */ = {isa = PBXBuildFile; fileRef = AAAB865119C33680008349D9 /* PostingViewController.swift */; };
		AAAB865419C348E1008349D9 /* InviteTableViewController.swift in Sources */ = {isa = PBXBuildFile; fileRef = AAAB865319C348E1008349D9 /* InviteTableViewController.swift */; };
		AAAB865619C3492A008349D9 /* InviteViewController.swift in Sources */ = {isa = PBXBuildFile; fileRef = AAAB865519C3492A008349D9 /* InviteViewController.swift */; };
		AAAB865819C34DE8008349D9 /* InvitesTableCell.xib in Resources */ = {isa = PBXBuildFile; fileRef = AAAB865719C34DE8008349D9 /* InvitesTableCell.xib */; };
		AAAB865A19C34E7E008349D9 /* InvitesTableViewCell.swift in Sources */ = {isa = PBXBuildFile; fileRef = AAAB865919C34E7E008349D9 /* InvitesTableViewCell.swift */; };
		AAAB865C19C35A75008349D9 /* ConnectionViewController.swift in Sources */ = {isa = PBXBuildFile; fileRef = AAAB865B19C35A75008349D9 /* ConnectionViewController.swift */; };
		AAAB865E19C35A8A008349D9 /* ConnectionsTableViewController.swift in Sources */ = {isa = PBXBuildFile; fileRef = AAAB865D19C35A8A008349D9 /* ConnectionsTableViewController.swift */; };
		AAAB866019C35AC7008349D9 /* ConnectionsTableCell.xib in Resources */ = {isa = PBXBuildFile; fileRef = AAAB865F19C35AC7008349D9 /* ConnectionsTableCell.xib */; };
		AAAB866219C35B7A008349D9 /* ConnectionsTableViewCell.swift in Sources */ = {isa = PBXBuildFile; fileRef = AAAB866119C35B7A008349D9 /* ConnectionsTableViewCell.swift */; };
		AAC3C08C19BF613500AD1918 /* NotificationViewController.swift in Sources */ = {isa = PBXBuildFile; fileRef = AAC3C08B19BF613500AD1918 /* NotificationViewController.swift */; };
/* End PBXBuildFile section */

/* Begin PBXContainerItemProxy section */
		AA9F703419BA152B007DE405 /* PBXContainerItemProxy */ = {
			isa = PBXContainerItemProxy;
			containerPortal = AA9F701719BA152B007DE405 /* Project object */;
			proxyType = 1;
			remoteGlobalIDString = AA9F701E19BA152B007DE405;
			remoteInfo = Tweebli;
		};
/* End PBXContainerItemProxy section */

/* Begin PBXFileReference section */
		AA145D8119BEEBD2005099E6 /* InboxTableViewController.swift */ = {isa = PBXFileReference; fileEncoding = 4; lastKnownFileType = sourcecode.swift; path = InboxTableViewController.swift; sourceTree = "<group>"; };
		AA73664E19BF135400B9652B /* Date.swift */ = {isa = PBXFileReference; fileEncoding = 4; lastKnownFileType = sourcecode.swift; path = Date.swift; sourceTree = "<group>"; };
		AA73665019BF14F200B9652B /* TweebliTestData.swift */ = {isa = PBXFileReference; fileEncoding = 4; lastKnownFileType = sourcecode.swift; path = TweebliTestData.swift; sourceTree = "<group>"; };
		AA73665219BF248000B9652B /* InboxTableCell.xib */ = {isa = PBXFileReference; fileEncoding = 4; lastKnownFileType = file.xib; path = InboxTableCell.xib; sourceTree = "<group>"; };
		AA73665419BF28C400B9652B /* InboxTableViewCell.swift */ = {isa = PBXFileReference; fileEncoding = 4; lastKnownFileType = sourcecode.swift; path = InboxTableViewCell.swift; sourceTree = "<group>"; };
		AA9F701F19BA152B007DE405 /* Tweebli.app */ = {isa = PBXFileReference; explicitFileType = wrapper.application; includeInIndex = 0; path = Tweebli.app; sourceTree = BUILT_PRODUCTS_DIR; };
		AA9F702319BA152B007DE405 /* Info.plist */ = {isa = PBXFileReference; lastKnownFileType = text.plist.xml; path = Info.plist; sourceTree = "<group>"; };
		AA9F702419BA152B007DE405 /* AppDelegate.swift */ = {isa = PBXFileReference; lastKnownFileType = sourcecode.swift; path = AppDelegate.swift; sourceTree = "<group>"; };
		AA9F702619BA152B007DE405 /* FirstViewController.swift */ = {isa = PBXFileReference; lastKnownFileType = sourcecode.swift; path = FirstViewController.swift; sourceTree = "<group>"; };
		AA9F702B19BA152B007DE405 /* Base */ = {isa = PBXFileReference; lastKnownFileType = file.storyboard; name = Base; path = Base.lproj/Main.storyboard; sourceTree = "<group>"; };
		AA9F702D19BA152B007DE405 /* Images.xcassets */ = {isa = PBXFileReference; lastKnownFileType = folder.assetcatalog; path = Images.xcassets; sourceTree = "<group>"; };
		AA9F703319BA152B007DE405 /* TweebliTests.xctest */ = {isa = PBXFileReference; explicitFileType = wrapper.cfbundle; includeInIndex = 0; path = TweebliTests.xctest; sourceTree = BUILT_PRODUCTS_DIR; };
		AA9F703819BA152B007DE405 /* Info.plist */ = {isa = PBXFileReference; lastKnownFileType = text.plist.xml; path = Info.plist; sourceTree = "<group>"; };
		AA9F703919BA152B007DE405 /* TweebliTests.swift */ = {isa = PBXFileReference; lastKnownFileType = sourcecode.swift; path = TweebliTests.swift; sourceTree = "<group>"; };
		AA9F704319BA21F7007DE405 /* TweebliService.swift */ = {isa = PBXFileReference; fileEncoding = 4; lastKnownFileType = sourcecode.swift; path = TweebliService.swift; sourceTree = "<group>"; };
		AAAB864919C32A74008349D9 /* PostingsTableTableViewController.swift */ = {isa = PBXFileReference; fileEncoding = 4; lastKnownFileType = sourcecode.swift; path = PostingsTableTableViewController.swift; sourceTree = "<group>"; };
		AAAB864D19C3313C008349D9 /* OutboxTableCell.xib */ = {isa = PBXFileReference; fileEncoding = 4; lastKnownFileType = file.xib; name = OutboxTableCell.xib; path = ../OutboxTableCell.xib; sourceTree = "<group>"; };
		AAAB864F19C33297008349D9 /* OutboxTableViewCell.swift */ = {isa = PBXFileReference; fileEncoding = 4; lastKnownFileType = sourcecode.swift; path = OutboxTableViewCell.swift; sourceTree = "<group>"; };
		AAAB865119C33680008349D9 /* PostingViewController.swift */ = {isa = PBXFileReference; fileEncoding = 4; lastKnownFileType = sourcecode.swift; path = PostingViewController.swift; sourceTree = "<group>"; };
		AAAB865319C348E1008349D9 /* InviteTableViewController.swift */ = {isa = PBXFileReference; fileEncoding = 4; lastKnownFileType = sourcecode.swift; path = InviteTableViewController.swift; sourceTree = "<group>"; };
		AAAB865519C3492A008349D9 /* InviteViewController.swift */ = {isa = PBXFileReference; fileEncoding = 4; lastKnownFileType = sourcecode.swift; path = InviteViewController.swift; sourceTree = "<group>"; };
		AAAB865719C34DE8008349D9 /* InvitesTableCell.xib */ = {isa = PBXFileReference; fileEncoding = 4; lastKnownFileType = file.xib; path = InvitesTableCell.xib; sourceTree = "<group>"; };
		AAAB865919C34E7E008349D9 /* InvitesTableViewCell.swift */ = {isa = PBXFileReference; fileEncoding = 4; lastKnownFileType = sourcecode.swift; path = InvitesTableViewCell.swift; sourceTree = "<group>"; };
		AAAB865B19C35A75008349D9 /* ConnectionViewController.swift */ = {isa = PBXFileReference; fileEncoding = 4; lastKnownFileType = sourcecode.swift; path = ConnectionViewController.swift; sourceTree = "<group>"; };
		AAAB865D19C35A8A008349D9 /* ConnectionsTableViewController.swift */ = {isa = PBXFileReference; fileEncoding = 4; lastKnownFileType = sourcecode.swift; path = ConnectionsTableViewController.swift; sourceTree = "<group>"; };
		AAAB865F19C35AC7008349D9 /* ConnectionsTableCell.xib */ = {isa = PBXFileReference; fileEncoding = 4; lastKnownFileType = file.xib; path = ConnectionsTableCell.xib; sourceTree = "<group>"; };
		AAAB866119C35B7A008349D9 /* ConnectionsTableViewCell.swift */ = {isa = PBXFileReference; fileEncoding = 4; lastKnownFileType = sourcecode.swift; path = ConnectionsTableViewCell.swift; sourceTree = "<group>"; };
		AAC3C08B19BF613500AD1918 /* NotificationViewController.swift */ = {isa = PBXFileReference; fileEncoding = 4; lastKnownFileType = sourcecode.swift; path = NotificationViewController.swift; sourceTree = "<group>"; };
/* End PBXFileReference section */

/* Begin PBXFrameworksBuildPhase section */
		AA9F701C19BA152B007DE405 /* Frameworks */ = {
			isa = PBXFrameworksBuildPhase;
			buildActionMask = 2147483647;
			files = (
			);
			runOnlyForDeploymentPostprocessing = 0;
		};
		AA9F703019BA152B007DE405 /* Frameworks */ = {
			isa = PBXFrameworksBuildPhase;
			buildActionMask = 2147483647;
			files = (
			);
			runOnlyForDeploymentPostprocessing = 0;
		};
/* End PBXFrameworksBuildPhase section */

/* Begin PBXGroup section */
		AA9F701619BA152B007DE405 = {
			isa = PBXGroup;
			children = (
				AA9F702119BA152B007DE405 /* Tweebli */,
				AA9F703619BA152B007DE405 /* TweebliTests */,
				AA9F702019BA152B007DE405 /* Products */,
			);
			sourceTree = "<group>";
		};
		AA9F702019BA152B007DE405 /* Products */ = {
			isa = PBXGroup;
			children = (
				AA9F701F19BA152B007DE405 /* Tweebli.app */,
				AA9F703319BA152B007DE405 /* TweebliTests.xctest */,
			);
			name = Products;
			sourceTree = "<group>";
		};
		AA9F702119BA152B007DE405 /* Tweebli */ = {
			isa = PBXGroup;
			children = (
				AAAB864D19C3313C008349D9 /* OutboxTableCell.xib */,
				AAAB865F19C35AC7008349D9 /* ConnectionsTableCell.xib */,
				AAAB866119C35B7A008349D9 /* ConnectionsTableViewCell.swift */,
				AAAB865719C34DE8008349D9 /* InvitesTableCell.xib */,
				AA9F702419BA152B007DE405 /* AppDelegate.swift */,
				AA9F702619BA152B007DE405 /* FirstViewController.swift */,
				AA9F702A19BA152B007DE405 /* Main.storyboard */,
				AA73665219BF248000B9652B /* InboxTableCell.xib */,
				AA73665419BF28C400B9652B /* InboxTableViewCell.swift */,
				AA9F702D19BA152B007DE405 /* Images.xcassets */,
				AA9F702219BA152B007DE405 /* Supporting Files */,
				AA9F704319BA21F7007DE405 /* TweebliService.swift */,
				AA145D8119BEEBD2005099E6 /* InboxTableViewController.swift */,
				AAAB864919C32A74008349D9 /* PostingsTableTableViewController.swift */,
				AAAB865119C33680008349D9 /* PostingViewController.swift */,
				AA73664E19BF135400B9652B /* Date.swift */,
				AA73665019BF14F200B9652B /* TweebliTestData.swift */,
				AAC3C08B19BF613500AD1918 /* NotificationViewController.swift */,
				AAAB864F19C33297008349D9 /* OutboxTableViewCell.swift */,
				AAAB865319C348E1008349D9 /* InviteTableViewController.swift */,
				AAAB865519C3492A008349D9 /* InviteViewController.swift */,
				AAAB865919C34E7E008349D9 /* InvitesTableViewCell.swift */,
				AAAB865B19C35A75008349D9 /* ConnectionViewController.swift */,
				AAAB865D19C35A8A008349D9 /* ConnectionsTableViewController.swift */,
			);
			path = Tweebli;
			sourceTree = "<group>";
		};
		AA9F702219BA152B007DE405 /* Supporting Files */ = {
			isa = PBXGroup;
			children = (
				AA9F702319BA152B007DE405 /* Info.plist */,
			);
			name = "Supporting Files";
			sourceTree = "<group>";
		};
		AA9F703619BA152B007DE405 /* TweebliTests */ = {
			isa = PBXGroup;
			children = (
				AA9F703919BA152B007DE405 /* TweebliTests.swift */,
				AA9F703719BA152B007DE405 /* Supporting Files */,
			);
			path = TweebliTests;
			sourceTree = "<group>";
		};
		AA9F703719BA152B007DE405 /* Supporting Files */ = {
			isa = PBXGroup;
			children = (
				AA9F703819BA152B007DE405 /* Info.plist */,
			);
			name = "Supporting Files";
			sourceTree = "<group>";
		};
/* End PBXGroup section */

/* Begin PBXNativeTarget section */
		AA9F701E19BA152B007DE405 /* Tweebli */ = {
			isa = PBXNativeTarget;
			buildConfigurationList = AA9F703D19BA152B007DE405 /* Build configuration list for PBXNativeTarget "Tweebli" */;
			buildPhases = (
				AA9F701B19BA152B007DE405 /* Sources */,
				AA9F701C19BA152B007DE405 /* Frameworks */,
				AA9F701D19BA152B007DE405 /* Resources */,
			);
			buildRules = (
			);
			dependencies = (
			);
			name = Tweebli;
			productName = Tweebli;
			productReference = AA9F701F19BA152B007DE405 /* Tweebli.app */;
			productType = "com.apple.product-type.application";
		};
		AA9F703219BA152B007DE405 /* TweebliTests */ = {
			isa = PBXNativeTarget;
			buildConfigurationList = AA9F704019BA152B007DE405 /* Build configuration list for PBXNativeTarget "TweebliTests" */;
			buildPhases = (
				AA9F702F19BA152B007DE405 /* Sources */,
				AA9F703019BA152B007DE405 /* Frameworks */,
				AA9F703119BA152B007DE405 /* Resources */,
			);
			buildRules = (
			);
			dependencies = (
				AA9F703519BA152B007DE405 /* PBXTargetDependency */,
			);
			name = TweebliTests;
			productName = TweebliTests;
			productReference = AA9F703319BA152B007DE405 /* TweebliTests.xctest */;
			productType = "com.apple.product-type.bundle.unit-test";
		};
/* End PBXNativeTarget section */

/* Begin PBXProject section */
		AA9F701719BA152B007DE405 /* Project object */ = {
			isa = PBXProject;
			attributes = {
				LastUpgradeCheck = 0600;
				ORGANIZATIONNAME = Tweebli;
				TargetAttributes = {
					AA9F701E19BA152B007DE405 = {
						CreatedOnToolsVersion = 6.0;
						DevelopmentTeam = M4G2KVRQW5;
					};
					AA9F703219BA152B007DE405 = {
						CreatedOnToolsVersion = 6.0;
						TestTargetID = AA9F701E19BA152B007DE405;
					};
				};
			};
			buildConfigurationList = AA9F701A19BA152B007DE405 /* Build configuration list for PBXProject "Tweebli" */;
			compatibilityVersion = "Xcode 3.2";
			developmentRegion = English;
			hasScannedForEncodings = 0;
			knownRegions = (
				en,
				Base,
			);
			mainGroup = AA9F701619BA152B007DE405;
			productRefGroup = AA9F702019BA152B007DE405 /* Products */;
			projectDirPath = "";
			projectRoot = "";
			targets = (
				AA9F701E19BA152B007DE405 /* Tweebli */,
				AA9F703219BA152B007DE405 /* TweebliTests */,
			);
		};
/* End PBXProject section */

/* Begin PBXResourcesBuildPhase section */
		AA9F701D19BA152B007DE405 /* Resources */ = {
			isa = PBXResourcesBuildPhase;
			buildActionMask = 2147483647;
			files = (
				AAAB864E19C3313C008349D9 /* OutboxTableCell.xib in Resources */,
				AA73665319BF248000B9652B /* InboxTableCell.xib in Resources */,
				AA9F702C19BA152B007DE405 /* Main.storyboard in Resources */,
				AAAB865819C34DE8008349D9 /* InvitesTableCell.xib in Resources */,
				AAAB866019C35AC7008349D9 /* ConnectionsTableCell.xib in Resources */,
				AA9F702E19BA152B007DE405 /* Images.xcassets in Resources */,
			);
			runOnlyForDeploymentPostprocessing = 0;
		};
		AA9F703119BA152B007DE405 /* Resources */ = {
			isa = PBXResourcesBuildPhase;
			buildActionMask = 2147483647;
			files = (
			);
			runOnlyForDeploymentPostprocessing = 0;
		};
/* End PBXResourcesBuildPhase section */

/* Begin PBXSourcesBuildPhase section */
		AA9F701B19BA152B007DE405 /* Sources */ = {
			isa = PBXSourcesBuildPhase;
			buildActionMask = 2147483647;
			files = (
				AA73665119BF14F200B9652B /* TweebliTestData.swift in Sources */,
				AA9F704419BA21F7007DE405 /* TweebliService.swift in Sources */,
				AAAB865C19C35A75008349D9 /* ConnectionViewController.swift in Sources */,
				AAAB865619C3492A008349D9 /* InviteViewController.swift in Sources */,
				AA73664F19BF135400B9652B /* Date.swift in Sources */,
				AAAB865219C33680008349D9 /* PostingViewController.swift in Sources */,
				AA145D8219BEEBD2005099E6 /* InboxTableViewController.swift in Sources */,
				AAC3C08C19BF613500AD1918 /* NotificationViewController.swift in Sources */,
				AAAB864A19C32A74008349D9 /* PostingsTableTableViewController.swift in Sources */,
				AAAB865E19C35A8A008349D9 /* ConnectionsTableViewController.swift in Sources */,
				AA9F702519BA152B007DE405 /* AppDelegate.swift in Sources */,
				AAAB865419C348E1008349D9 /* InviteTableViewController.swift in Sources */,
				AA73665519BF28C400B9652B /* InboxTableViewCell.swift in Sources */,
				AAAB865019C33297008349D9 /* OutboxTableViewCell.swift in Sources */,
				AAAB866219C35B7A008349D9 /* ConnectionsTableViewCell.swift in Sources */,
				AAAB865A19C34E7E008349D9 /* InvitesTableViewCell.swift in Sources */,
				AA9F702719BA152B007DE405 /* FirstViewController.swift in Sources */,
			);
			runOnlyForDeploymentPostprocessing = 0;
		};
		AA9F702F19BA152B007DE405 /* Sources */ = {
			isa = PBXSourcesBuildPhase;
			buildActionMask = 2147483647;
			files = (
				AA9F703A19BA152B007DE405 /* TweebliTests.swift in Sources */,
			);
			runOnlyForDeploymentPostprocessing = 0;
		};
/* End PBXSourcesBuildPhase section */

/* Begin PBXTargetDependency section */
		AA9F703519BA152B007DE405 /* PBXTargetDependency */ = {
			isa = PBXTargetDependency;
			target = AA9F701E19BA152B007DE405 /* Tweebli */;
			targetProxy = AA9F703419BA152B007DE405 /* PBXContainerItemProxy */;
		};
/* End PBXTargetDependency section */

/* Begin PBXVariantGroup section */
		AA9F702A19BA152B007DE405 /* Main.storyboard */ = {
			isa = PBXVariantGroup;
			children = (
				AA9F702B19BA152B007DE405 /* Base */,
			);
			name = Main.storyboard;
			sourceTree = "<group>";
		};
/* End PBXVariantGroup section */

/* Begin XCBuildConfiguration section */
		AA9F703B19BA152B007DE405 /* Debug */ = {
			isa = XCBuildConfiguration;
			buildSettings = {
				ALWAYS_SEARCH_USER_PATHS = NO;
				CLANG_CXX_LANGUAGE_STANDARD = "gnu++0x";
				CLANG_CXX_LIBRARY = "libc++";
				CLANG_ENABLE_MODULES = YES;
				CLANG_ENABLE_OBJC_ARC = YES;
				CLANG_WARN_BOOL_CONVERSION = YES;
				CLANG_WARN_CONSTANT_CONVERSION = YES;
				CLANG_WARN_DIRECT_OBJC_ISA_USAGE = YES_ERROR;
				CLANG_WARN_EMPTY_BODY = YES;
				CLANG_WARN_ENUM_CONVERSION = YES;
				CLANG_WARN_INT_CONVERSION = YES;
				CLANG_WARN_OBJC_ROOT_CLASS = YES_ERROR;
				CLANG_WARN_UNREACHABLE_CODE = YES;
				CLANG_WARN__DUPLICATE_METHOD_MATCH = YES;
				"CODE_SIGN_IDENTITY[sdk=iphoneos*]" = "iPhone Developer";
				COPY_PHASE_STRIP = NO;
				ENABLE_STRICT_OBJC_MSGSEND = YES;
				GCC_C_LANGUAGE_STANDARD = gnu99;
				GCC_DYNAMIC_NO_PIC = NO;
				GCC_OPTIMIZATION_LEVEL = 0;
				GCC_PREPROCESSOR_DEFINITIONS = (
					"DEBUG=1",
					"$(inherited)",
				);
				GCC_SYMBOLS_PRIVATE_EXTERN = NO;
				GCC_WARN_64_TO_32_BIT_CONVERSION = YES;
				GCC_WARN_ABOUT_RETURN_TYPE = YES_ERROR;
				GCC_WARN_UNDECLARED_SELECTOR = YES;
				GCC_WARN_UNINITIALIZED_AUTOS = YES_AGGRESSIVE;
				GCC_WARN_UNUSED_FUNCTION = YES;
				GCC_WARN_UNUSED_VARIABLE = YES;
				IPHONEOS_DEPLOYMENT_TARGET = 7.0;
				MTL_ENABLE_DEBUG_INFO = YES;
				ONLY_ACTIVE_ARCH = YES;
				SDKROOT = iphoneos;
				SWIFT_OPTIMIZATION_LEVEL = "-Onone";
			};
			name = Debug;
		};
		AA9F703C19BA152B007DE405 /* Release */ = {
			isa = XCBuildConfiguration;
			buildSettings = {
				ALWAYS_SEARCH_USER_PATHS = NO;
				CLANG_CXX_LANGUAGE_STANDARD = "gnu++0x";
				CLANG_CXX_LIBRARY = "libc++";
				CLANG_ENABLE_MODULES = YES;
				CLANG_ENABLE_OBJC_ARC = YES;
				CLANG_WARN_BOOL_CONVERSION = YES;
				CLANG_WARN_CONSTANT_CONVERSION = YES;
				CLANG_WARN_DIRECT_OBJC_ISA_USAGE = YES_ERROR;
				CLANG_WARN_EMPTY_BODY = YES;
				CLANG_WARN_ENUM_CONVERSION = YES;
				CLANG_WARN_INT_CONVERSION = YES;
				CLANG_WARN_OBJC_ROOT_CLASS = YES_ERROR;
				CLANG_WARN_UNREACHABLE_CODE = YES;
				CLANG_WARN__DUPLICATE_METHOD_MATCH = YES;
				"CODE_SIGN_IDENTITY[sdk=iphoneos*]" = "iPhone Developer";
				COPY_PHASE_STRIP = YES;
				ENABLE_NS_ASSERTIONS = NO;
				ENABLE_STRICT_OBJC_MSGSEND = YES;
				GCC_C_LANGUAGE_STANDARD = gnu99;
				GCC_WARN_64_TO_32_BIT_CONVERSION = YES;
				GCC_WARN_ABOUT_RETURN_TYPE = YES_ERROR;
				GCC_WARN_UNDECLARED_SELECTOR = YES;
				GCC_WARN_UNINITIALIZED_AUTOS = YES_AGGRESSIVE;
				GCC_WARN_UNUSED_FUNCTION = YES;
				GCC_WARN_UNUSED_VARIABLE = YES;
				IPHONEOS_DEPLOYMENT_TARGET = 7.0;
				MTL_ENABLE_DEBUG_INFO = NO;
				SDKROOT = iphoneos;
				VALIDATE_PRODUCT = YES;
			};
			name = Release;
		};
		AA9F703E19BA152B007DE405 /* Debug */ = {
			isa = XCBuildConfiguration;
			buildSettings = {
				ASSETCATALOG_COMPILER_APPICON_NAME = AppIcon;
				ASSETCATALOG_COMPILER_LAUNCHIMAGE_NAME = LaunchImage;
				CODE_SIGN_IDENTITY = "iPhone Distribution: Steve Baird (M4G2KVRQW5)";
				"CODE_SIGN_IDENTITY[sdk=iphoneos*]" = "iPhone Developer";
				INFOPLIST_FILE = Tweebli/Info.plist;
				IPHONEOS_DEPLOYMENT_TARGET = 7.0;
				LD_RUNPATH_SEARCH_PATHS = "$(inherited) @executable_path/Frameworks";
				PRODUCT_NAME = "$(TARGET_NAME)";
				PROVISIONING_PROFILE = "3A6F477A-286F-446D-99AE-1FDA2FCE8D01";
				TARGETED_DEVICE_FAMILY = 1;
			};
			name = Debug;
		};
		AA9F703F19BA152B007DE405 /* Release */ = {
			isa = XCBuildConfiguration;
			buildSettings = {
				ASSETCATALOG_COMPILER_APPICON_NAME = AppIcon;
				ASSETCATALOG_COMPILER_LAUNCHIMAGE_NAME = LaunchImage;
				CODE_SIGN_IDENTITY = "iPhone Distribution: Steve Baird (M4G2KVRQW5)";
				"CODE_SIGN_IDENTITY[sdk=iphoneos*]" = "iPhone Developer";
				INFOPLIST_FILE = Tweebli/Info.plist;
				IPHONEOS_DEPLOYMENT_TARGET = 7.0;
				LD_RUNPATH_SEARCH_PATHS = "$(inherited) @executable_path/Frameworks";
				PRODUCT_NAME = "$(TARGET_NAME)";
				PROVISIONING_PROFILE = "3A6F477A-286F-446D-99AE-1FDA2FCE8D01";
				TARGETED_DEVICE_FAMILY = 1;
			};
			name = Release;
		};
		AA9F704119BA152B007DE405 /* Debug */ = {
			isa = XCBuildConfiguration;
			buildSettings = {
				BUNDLE_LOADER = "$(TEST_HOST)";
				FRAMEWORK_SEARCH_PATHS = (
					"$(SDKROOT)/Developer/Library/Frameworks",
					"$(inherited)",
				);
				GCC_PREPROCESSOR_DEFINITIONS = (
					"DEBUG=1",
					"$(inherited)",
				);
				INFOPLIST_FILE = TweebliTests/Info.plist;
				LD_RUNPATH_SEARCH_PATHS = "$(inherited) @executable_path/Frameworks @loader_path/Frameworks";
				PRODUCT_NAME = "$(TARGET_NAME)";
				TEST_HOST = "$(BUILT_PRODUCTS_DIR)/Tweebli.app/Tweebli";
			};
			name = Debug;
		};
		AA9F704219BA152B007DE405 /* Release */ = {
			isa = XCBuildConfiguration;
			buildSettings = {
				BUNDLE_LOADER = "$(TEST_HOST)";
				FRAMEWORK_SEARCH_PATHS = (
					"$(SDKROOT)/Developer/Library/Frameworks",
					"$(inherited)",
				);
				INFOPLIST_FILE = TweebliTests/Info.plist;
				LD_RUNPATH_SEARCH_PATHS = "$(inherited) @executable_path/Frameworks @loader_path/Frameworks";
				PRODUCT_NAME = "$(TARGET_NAME)";
				TEST_HOST = "$(BUILT_PRODUCTS_DIR)/Tweebli.app/Tweebli";
			};
			name = Release;
		};
/* End XCBuildConfiguration section */

/* Begin XCConfigurationList section */
		AA9F701A19BA152B007DE405 /* Build configuration list for PBXProject "Tweebli" */ = {
			isa = XCConfigurationList;
			buildConfigurations = (
				AA9F703B19BA152B007DE405 /* Debug */,
				AA9F703C19BA152B007DE405 /* Release */,
			);
			defaultConfigurationIsVisible = 0;
			defaultConfigurationName = Release;
		};
		AA9F703D19BA152B007DE405 /* Build configuration list for PBXNativeTarget "Tweebli" */ = {
			isa = XCConfigurationList;
			buildConfigurations = (
				AA9F703E19BA152B007DE405 /* Debug */,
				AA9F703F19BA152B007DE405 /* Release */,
			);
			defaultConfigurationIsVisible = 0;
			defaultConfigurationName = Release;
		};
		AA9F704019BA152B007DE405 /* Build configuration list for PBXNativeTarget "TweebliTests" */ = {
			isa = XCConfigurationList;
			buildConfigurations = (
				AA9F704119BA152B007DE405 /* Debug */,
				AA9F704219BA152B007DE405 /* Release */,
			);
			defaultConfigurationIsVisible = 0;
			defaultConfigurationName = Release;
		};
/* End XCConfigurationList section */
	};
	rootObject = AA9F701719BA152B007DE405 /* Project object */;
}
